// !$*UTF8*$!
{
	archiveVersion = 1;
	classes = {
	};
	objectVersion = 50;
	objects = {

/* Begin PBXBuildFile section */
		18CF91B2244ACA6D0049B9B9 /* AppDelegate.swift in Sources */ = {isa = PBXBuildFile; fileRef = 18CF91B1244ACA6D0049B9B9 /* AppDelegate.swift */; };
		18CF91B4244ACA6D0049B9B9 /* SceneDelegate.swift in Sources */ = {isa = PBXBuildFile; fileRef = 18CF91B3244ACA6D0049B9B9 /* SceneDelegate.swift */; };
		18CF91B6244ACA6D0049B9B9 /* ViewController.swift in Sources */ = {isa = PBXBuildFile; fileRef = 18CF91B5244ACA6D0049B9B9 /* ViewController.swift */; };
		18CF91B9244ACA6D0049B9B9 /* Main.storyboard in Resources */ = {isa = PBXBuildFile; fileRef = 18CF91B7244ACA6D0049B9B9 /* Main.storyboard */; };
		18CF91BB244ACA6E0049B9B9 /* Assets.xcassets in Resources */ = {isa = PBXBuildFile; fileRef = 18CF91BA244ACA6E0049B9B9 /* Assets.xcassets */; };
		18CF91BE244ACA6E0049B9B9 /* LaunchScreen.storyboard in Resources */ = {isa = PBXBuildFile; fileRef = 18CF91BC244ACA6E0049B9B9 /* LaunchScreen.storyboard */; };
		18CF91C6244ACB790049B9B9 /* PurpleViewController.swift in Sources */ = {isa = PBXBuildFile; fileRef = 18CF91C5244ACB790049B9B9 /* PurpleViewController.swift */; };
		18CF91C8244ACB9E0049B9B9 /* RedViewController.swift in Sources */ = {isa = PBXBuildFile; fileRef = 18CF91C7244ACB9E0049B9B9 /* RedViewController.swift */; };
/* End PBXBuildFile section */

/* Begin PBXFileReference section */
		18CF91AE244ACA6D0049B9B9 /* FirstWeek_Homework.app */ = {isa = PBXFileReference; explicitFileType = wrapper.application; includeInIndex = 0; path = FirstWeek_Homework.app; sourceTree = BUILT_PRODUCTS_DIR; };
		18CF91B1244ACA6D0049B9B9 /* AppDelegate.swift */ = {isa = PBXFileReference; lastKnownFileType = sourcecode.swift; path = AppDelegate.swift; sourceTree = "<group>"; };
		18CF91B3244ACA6D0049B9B9 /* SceneDelegate.swift */ = {isa = PBXFileReference; lastKnownFileType = sourcecode.swift; path = SceneDelegate.swift; sourceTree = "<group>"; };
		18CF91B5244ACA6D0049B9B9 /* ViewController.swift */ = {isa = PBXFileReference; lastKnownFileType = sourcecode.swift; path = ViewController.swift; sourceTree = "<group>"; };
		18CF91B8244ACA6D0049B9B9 /* Base */ = {isa = PBXFileReference; lastKnownFileType = file.storyboard; name = Base; path = Base.lproj/Main.storyboard; sourceTree = "<group>"; };
		18CF91BA244ACA6E0049B9B9 /* Assets.xcassets */ = {isa = PBXFileReference; lastKnownFileType = folder.assetcatalog; path = Assets.xcassets; sourceTree = "<group>"; };
		18CF91BD244ACA6E0049B9B9 /* Base */ = {isa = PBXFileReference; lastKnownFileType = file.storyboard; name = Base; path = Base.lproj/LaunchScreen.storyboard; sourceTree = "<group>"; };
		18CF91BF244ACA6E0049B9B9 /* Info.plist */ = {isa = PBXFileReference; lastKnownFileType = text.plist.xml; path = Info.plist; sourceTree = "<group>"; };
		18CF91C5244ACB790049B9B9 /* PurpleViewController.swift */ = {isa = PBXFileReference; lastKnownFileType = sourcecode.swift; path = PurpleViewController.swift; sourceTree = "<group>"; };
		18CF91C7244ACB9E0049B9B9 /* RedViewController.swift */ = {isa = PBXFileReference; lastKnownFileType = sourcecode.swift; path = RedViewController.swift; sourceTree = "<group>"; };
/* End PBXFileReference section */

/* Begin PBXFrameworksBuildPhase section */
		18CF91AB244ACA6D0049B9B9 /* Frameworks */ = {
			isa = PBXFrameworksBuildPhase;
			buildActionMask = 2147483647;
			files = (
			);
			runOnlyForDeploymentPostprocessing = 0;
		};
/* End PBXFrameworksBuildPhase section */

/* Begin PBXGroup section */
		18CF91A5244ACA6D0049B9B9 = {
			isa = PBXGroup;
			children = (
				18CF91B0244ACA6D0049B9B9 /* FirstWeek_Homework */,
				18CF91AF244ACA6D0049B9B9 /* Products */,
			);
			sourceTree = "<group>";
		};
		18CF91AF244ACA6D0049B9B9 /* Products */ = {
			isa = PBXGroup;
			children = (
				18CF91AE244ACA6D0049B9B9 /* FirstWeek_Homework.app */,
			);
			name = Products;
			sourceTree = "<group>";
		};
		18CF91B0244ACA6D0049B9B9 /* FirstWeek_Homework */ = {
			isa = PBXGroup;
			children = (
				18CF91B1244ACA6D0049B9B9 /* AppDelegate.swift */,
				18CF91B3244ACA6D0049B9B9 /* SceneDelegate.swift */,
				18CF91B5244ACA6D0049B9B9 /* ViewController.swift */,
				18CF91B7244ACA6D0049B9B9 /* Main.storyboard */,
				18CF91BA244ACA6E0049B9B9 /* Assets.xcassets */,
				18CF91BC244ACA6E0049B9B9 /* LaunchScreen.storyboard */,
				18CF91BF244ACA6E0049B9B9 /* Info.plist */,
				18CF91C5244ACB790049B9B9 /* PurpleViewController.swift */,
				18CF91C7244ACB9E0049B9B9 /* RedViewController.swift */,
			);
			path = FirstWeek_Homework;
			sourceTree = "<group>";
		};
/* End PBXGroup section */

/* Begin PBXNativeTarget section */
		18CF91AD244ACA6D0049B9B9 /* FirstWeek_Homework */ = {
			isa = PBXNativeTarget;
			buildConfigurationList = 18CF91C2244ACA6E0049B9B9 /* Build configuration list for PBXNativeTarget "FirstWeek_Homework" */;
			buildPhases = (
				18CF91AA244ACA6D0049B9B9 /* Sources */,
				18CF91AB244ACA6D0049B9B9 /* Frameworks */,
				18CF91AC244ACA6D0049B9B9 /* Resources */,
			);
			buildRules = (
			);
			dependencies = (
			);
			name = FirstWeek_Homework;
			productName = FirstWeek_Homework;
			productReference = 18CF91AE244ACA6D0049B9B9 /* FirstWeek_Homework.app */;
			productType = "com.apple.product-type.application";
		};
/* End PBXNativeTarget section */

/* Begin PBXProject section */
		18CF91A6244ACA6D0049B9B9 /* Project object */ = {
			isa = PBXProject;
			attributes = {
				LastSwiftUpdateCheck = 1140;
				LastUpgradeCheck = 1140;
				ORGANIZATIONNAME = "양재욱";
				TargetAttributes = {
					18CF91AD244ACA6D0049B9B9 = {
						CreatedOnToolsVersion = 11.4.1;
					};
				};
			};
			buildConfigurationList = 18CF91A9244ACA6D0049B9B9 /* Build configuration list for PBXProject "FirstWeek_Homework" */;
			compatibilityVersion = "Xcode 9.3";
			developmentRegion = en;
			hasScannedForEncodings = 0;
			knownRegions = (
				en,
				Base,
			);
			mainGroup = 18CF91A5244ACA6D0049B9B9;
			productRefGroup = 18CF91AF244ACA6D0049B9B9 /* Products */;
			projectDirPath = "";
			projectRoot = "";
			targets = (
				18CF91AD244ACA6D0049B9B9 /* FirstWeek_Homework */,
			);
		};
/* End PBXProject section */

/* Begin PBXResourcesBuildPhase section */
		18CF91AC244ACA6D0049B9B9 /* Resources */ = {
			isa = PBXResourcesBuildPhase;
			buildActionMask = 2147483647;
			files = (
				18CF91BE244ACA6E0049B9B9 /* LaunchScreen.storyboard in Resources */,
				18CF91BB244ACA6E0049B9B9 /* Assets.xcassets in Resources */,
				18CF91B9244ACA6D0049B9B9 /* Main.storyboard in Resources */,
			);
			runOnlyForDeploymentPostprocessing = 0;
		};
/* End PBXResourcesBuildPhase section */

/* Begin PBXSourcesBuildPhase section */
		18CF91AA244ACA6D0049B9B9 /* Sources */ = {
			isa = PBXSourcesBuildPhase;
			buildActionMask = 2147483647;
			files = (
				18CF91C8244ACB9E0049B9B9 /* RedViewController.swift in Sources */,
				18CF91C6244ACB790049B9B9 /* PurpleViewController.swift in Sources */,
				18CF91B6244ACA6D0049B9B9 /* ViewController.swift in Sources */,
				18CF91B2244ACA6D0049B9B9 /* AppDelegate.swift in Sources */,
				18CF91B4244ACA6D0049B9B9 /* SceneDelegate.swift in Sources */,
			);
			runOnlyForDeploymentPostprocessing = 0;
		};
/* End PBXSourcesBuildPhase section */

/* Begin PBXVariantGroup section */
		18CF91B7244ACA6D0049B9B9 /* Main.storyboard */ = {
			isa = PBXVariantGroup;
			children = (
				18CF91B8244ACA6D0049B9B9 /* Base */,
			);
			name = Main.storyboard;
			sourceTree = "<group>";
		};
		18CF91BC244ACA6E0049B9B9 /* LaunchScreen.storyboard */ = {
			isa = PBXVariantGroup;
			children = (
				18CF91BD244ACA6E0049B9B9 /* Base */,
			);
			name = LaunchScreen.storyboard;
			sourceTree = "<group>";
		};
/* End PBXVariantGroup section */

/* Begin XCBuildConfiguration section */
		18CF91C0244ACA6E0049B9B9 /* Debug */ = {
			isa = XCBuildConfiguration;
			buildSettings = {
				ALWAYS_SEARCH_USER_PATHS = NO;
				CLANG_ANALYZER_NONNULL = YES;
				CLANG_ANALYZER_NUMBER_OBJECT_CONVERSION = YES_AGGRESSIVE;
				CLANG_CXX_LANGUAGE_STANDARD = "gnu++14";
				CLANG_CXX_LIBRARY = "libc++";
				CLANG_ENABLE_MODULES = YES;
				CLANG_ENABLE_OBJC_ARC = YES;
				CLANG_ENABLE_OBJC_WEAK = YES;
				CLANG_WARN_BLOCK_CAPTURE_AUTORELEASING = YES;
				CLANG_WARN_BOOL_CONVERSION = YES;
				CLANG_WARN_COMMA = YES;
				CLANG_WARN_CONSTANT_CONVERSION = YES;
				CLANG_WARN_DEPRECATED_OBJC_IMPLEMENTATIONS = YES;
				CLANG_WARN_DIRECT_OBJC_ISA_USAGE = YES_ERROR;
				CLANG_WARN_DOCUMENTATION_COMMENTS = YES;
				CLANG_WARN_EMPTY_BODY = YES;
				CLANG_WARN_ENUM_CONVERSION = YES;
				CLANG_WARN_INFINITE_RECURSION = YES;
				CLANG_WARN_INT_CONVERSION = YES;
				CLANG_WARN_NON_LITERAL_NULL_CONVERSION = YES;
				CLANG_WARN_OBJC_IMPLICIT_RETAIN_SELF = YES;
				CLANG_WARN_OBJC_LITERAL_CONVERSION = YES;
				CLANG_WARN_OBJC_ROOT_CLASS = YES_ERROR;
				CLANG_WARN_RANGE_LOOP_ANALYSIS = YES;
				CLANG_WARN_STRICT_PROTOTYPES = YES;
				CLANG_WARN_SUSPICIOUS_MOVE = YES;
				CLANG_WARN_UNGUARDED_AVAILABILITY = YES_AGGRESSIVE;
				CLANG_WARN_UNREACHABLE_CODE = YES;
				CLANG_WARN__DUPLICATE_METHOD_MATCH = YES;
				COPY_PHASE_STRIP = NO;
				DEBUG_INFORMATION_FORMAT = dwarf;
				ENABLE_STRICT_OBJC_MSGSEND = YES;
				ENABLE_TESTABILITY = YES;
				GCC_C_LANGUAGE_STANDARD = gnu11;
				GCC_DYNAMIC_NO_PIC = NO;
				GCC_NO_COMMON_BLOCKS = YES;
				GCC_OPTIMIZATION_LEVEL = 0;
				GCC_PREPROCESSOR_DEFINITIONS = (
					"DEBUG=1",
					"$(inherited)",
				);
				GCC_WARN_64_TO_32_BIT_CONVERSION = YES;
				GCC_WARN_ABOUT_RETURN_TYPE = YES_ERROR;
				GCC_WARN_UNDECLARED_SELECTOR = YES;
				GCC_WARN_UNINITIALIZED_AUTOS = YES_AGGRESSIVE;
				GCC_WARN_UNUSED_FUNCTION = YES;
				GCC_WARN_UNUSED_VARIABLE = YES;
				IPHONEOS_DEPLOYMENT_TARGET = 13.4;
				MTL_ENABLE_DEBUG_INFO = INCLUDE_SOURCE;
				MTL_FAST_MATH = YES;
				ONLY_ACTIVE_ARCH = YES;
				SDKROOT = iphoneos;
				SWIFT_ACTIVE_COMPILATION_CONDITIONS = DEBUG;
				SWIFT_OPTIMIZATION_LEVEL = "-Onone";
			};
			name = Debug;
		};
		18CF91C1244ACA6E0049B9B9 /* Release */ = {
			isa = XCBuildConfiguration;
			buildSettings = {
				ALWAYS_SEARCH_USER_PATHS = NO;
				CLANG_ANALYZER_NONNULL = YES;
				CLANG_ANALYZER_NUMBER_OBJECT_CONVERSION = YES_AGGRESSIVE;
				CLANG_CXX_LANGUAGE_STANDARD = "gnu++14";
				CLANG_CXX_LIBRARY = "libc++";
				CLANG_ENABLE_MODULES = YES;
				CLANG_ENABLE_OBJC_ARC = YES;
				CLANG_ENABLE_OBJC_WEAK = YES;
				CLANG_WARN_BLOCK_CAPTURE_AUTORELEASING = YES;
				CLANG_WARN_BOOL_CONVERSION = YES;
				CLANG_WARN_COMMA = YES;
				CLANG_WARN_CONSTANT_CONVERSION = YES;
				CLANG_WARN_DEPRECATED_OBJC_IMPLEMENTATIONS = YES;
				CLANG_WARN_DIRECT_OBJC_ISA_USAGE = YES_ERROR;
				CLANG_WARN_DOCUMENTATION_COMMENTS = YES;
				CLANG_WARN_EMPTY_BODY = YES;
				CLANG_WARN_ENUM_CONVERSION = YES;
				CLANG_WARN_INFINITE_RECURSION = YES;
				CLANG_WARN_INT_CONVERSION = YES;
				CLANG_WARN_NON_LITERAL_NULL_CONVERSION = YES;
				CLANG_WARN_OBJC_IMPLICIT_RETAIN_SELF = YES;
				CLANG_WARN_OBJC_LITERAL_CONVERSION = YES;
				CLANG_WARN_OBJC_ROOT_CLASS = YES_ERROR;
				CLANG_WARN_RANGE_LOOP_ANALYSIS = YES;
				CLANG_WARN_STRICT_PROTOTYPES = YES;
				CLANG_WARN_SUSPICIOUS_MOVE = YES;
				CLANG_WARN_UNGUARDED_AVAILABILITY = YES_AGGRESSIVE;
				CLANG_WARN_UNREACHABLE_CODE = YES;
				CLANG_WARN__DUPLICATE_METHOD_MATCH = YES;
				COPY_PHASE_STRIP = NO;
				DEBUG_INFORMATION_FORMAT = "dwarf-with-dsym";
				ENABLE_NS_ASSERTIONS = NO;
				ENABLE_STRICT_OBJC_MSGSEND = YES;
				GCC_C_LANGUAGE_STANDARD = gnu11;
				GCC_NO_COMMON_BLOCKS = YES;
				GCC_WARN_64_TO_32_BIT_CONVERSION = YES;
				GCC_WARN_ABOUT_RETURN_TYPE = YES_ERROR;
				GCC_WARN_UNDECLARED_SELECTOR = YES;
				GCC_WARN_UNINITIALIZED_AUTOS = YES_AGGRESSIVE;
				GCC_WARN_UNUSED_FUNCTION = YES;
				GCC_WARN_UNUSED_VARIABLE = YES;
				IPHONEOS_DEPLOYMENT_TARGET = 13.4;
				MTL_ENABLE_DEBUG_INFO = NO;
				MTL_FAST_MATH = YES;
				SDKROOT = iphoneos;
				SWIFT_COMPILATION_MODE = wholemodule;
				SWIFT_OPTIMIZATION_LEVEL = "-O";
				VALIDATE_PRODUCT = YES;
			};
			name = Release;
		};
		18CF91C3244ACA6E0049B9B9 /* Debug */ = {
			isa = XCBuildConfiguration;
			buildSettings = {
				ASSETCATALOG_COMPILER_APPICON_NAME = AppIcon;
				CODE_SIGN_STYLE = Automatic;
				INFOPLIST_FILE = FirstWeek_Homework/Info.plist;
				LD_RUNPATH_SEARCH_PATHS = (
					"$(inherited)",
					"@executable_path/Frameworks",
				);
				PRODUCT_BUNDLE_IDENTIFIER = "Jaeuk.FirstWeek-Homework";
				PRODUCT_NAME = FirstWeek_Homework;
				SWIFT_VERSION = 5.0;
				TARGETED_DEVICE_FAMILY = "1,2";
			};
			name = Debug;
		};
		18CF91C4244ACA6E0049B9B9 /* Release */ = {
			isa = XCBuildConfiguration;
			buildSettings = {
				ASSETCATALOG_COMPILER_APPICON_NAME = AppIcon;
				CODE_SIGN_STYLE = Automatic;
				INFOPLIST_FILE = FirstWeek_Homework/Info.plist;
				LD_RUNPATH_SEARCH_PATHS = (
					"$(inherited)",
					"@executable_path/Frameworks",
				);
				PRODUCT_BUNDLE_IDENTIFIER = "Jaeuk.FirstWeek-Homework";
				PRODUCT_NAME = FirstWeek_Homework;
				SWIFT_VERSION = 5.0;
				TARGETED_DEVICE_FAMILY = "1,2";
			};
			name = Release;
		};
/* End XCBuildConfiguration section */

/* Begin XCConfigurationList section */
		18CF91A9244ACA6D0049B9B9 /* Build configuration list for PBXProject "FirstWeek_Homework" */ = {
			isa = XCConfigurationList;
			buildConfigurations = (
				18CF91C0244ACA6E0049B9B9 /* Debug */,
				18CF91C1244ACA6E0049B9B9 /* Release */,
			);
			defaultConfigurationIsVisible = 0;
			defaultConfigurationName = Release;
		};
		18CF91C2244ACA6E0049B9B9 /* Build configuration list for PBXNativeTarget "FirstWeek_Homework" */ = {
			isa = XCConfigurationList;
			buildConfigurations = (
				18CF91C3244ACA6E0049B9B9 /* Debug */,
				18CF91C4244ACA6E0049B9B9 /* Release */,
			);
			defaultConfigurationIsVisible = 0;
			defaultConfigurationName = Release;
		};
/* End XCConfigurationList section */
	};
	rootObject = 18CF91A6244ACA6D0049B9B9 /* Project object */;
}
